
Microsoft Visual Studio Solution File, Format Version 12.00
Project("{FAE04EC0-301F-11D3-BF4B-00C04F79EFBC}") = "ComparableLinqAnalyzer", "ComparableLinqAnalyzer\ComparableLinqAnalyzer.csproj", "{E8C752EB-231E-4632-AA7E-5A020246B7DF}"
EndProject
Project("{FAE04EC0-301F-11D3-BF4B-00C04F79EFBC}") = "ComparableLinqAnalyzer.Sample", "ComparableLinqAnalyzer.Sample\ComparableLinqAnalyzer.Sample.csproj", "{AB4B0532-82B6-4262-BBDB-F6A6C807F05C}"
EndProject
Project("{FAE04EC0-301F-11D3-BF4B-00C04F79EFBC}") = "ComparableLinqAnalyzer.Tests", "ComparableLinqAnalyzer.Tests\ComparableLinqAnalyzer.Tests.csproj", "{176A3E0C-BD78-4D04-B891-520F1A95DFFD}"
EndProject
Global
	GlobalSection(SolutionConfigurationPlatforms) = preSolution
		Debug|Any CPU = Debug|Any CPU
		Release|Any CPU = Release|Any CPU
	EndGlobalSection
	GlobalSection(ProjectConfigurationPlatforms) = postSolution
		{E8C752EB-231E-4632-AA7E-5A020246B7DF}.Debug|Any CPU.ActiveCfg = Debug|Any CPU
		{E8C752EB-231E-4632-AA7E-5A020246B7DF}.Debug|Any CPU.Build.0 = Debug|Any CPU
		{E8C752EB-231E-4632-AA7E-5A020246B7DF}.Release|Any CPU.ActiveCfg = Release|Any CPU
		{E8C752EB-231E-4632-AA7E-5A020246B7DF}.Release|Any CPU.Build.0 = Release|Any CPU
		{AB4B0532-82B6-4262-BBDB-F6A6C807F05C}.Debug|Any CPU.ActiveCfg = Debug|Any CPU
		{AB4B0532-82B6-4262-BBDB-F6A6C807F05C}.Debug|Any CPU.Build.0 = Debug|Any CPU
		{AB4B0532-82B6-4262-BBDB-F6A6C807F05C}.Release|Any CPU.ActiveCfg = Release|Any CPU
		{AB4B0532-82B6-4262-BBDB-F6A6C807F05C}.Release|Any CPU.Build.0 = Release|Any CPU
		{176A3E0C-BD78-4D04-B891-520F1A95DFFD}.Debug|Any CPU.ActiveCfg = Debug|Any CPU
		{176A3E0C-BD78-4D04-B891-520F1A95DFFD}.Debug|Any CPU.Build.0 = Debug|Any CPU
		{176A3E0C-BD78-4D04-B891-520F1A95DFFD}.Release|Any CPU.ActiveCfg = Release|Any CPU
		{176A3E0C-BD78-4D04-B891-520F1A95DFFD}.Release|Any CPU.Build.0 = Release|Any CPU
	EndGlobalSection
EndGlobal
